
Microsoft Visual Studio Solution File, Format Version 12.00
# Visual Studio Version 17
VisualStudioVersion = 17.14.36408.4 d17.14
MinimumVisualStudioVersion = 10.0.40219.1
Project("{FAE04EC0-301F-11D3-BF4B-00C04F79EFBC}") = "ThreadingTimer", "ThreadingTimer.csproj", "{2E82F901-169A-4F4F-A369-A4D25E3E4022}"
EndProject
Global
	GlobalSection(SolutionConfigurationPlatforms) = preSolution
		Debug|Any CPU = Debug|Any CPU
		Release|Any CPU = Release|Any CPU
	EndGlobalSection
	GlobalSection(ProjectConfigurationPlatforms) = postSolution
		{2E82F901-169A-4F4F-A369-A4D25E3E4022}.Debug|Any CPU.ActiveCfg = Debug|Any CPU
		{2E82F901-169A-4F4F-A369-A4D25E3E4022}.Debug|Any CPU.Build.0 = Debug|Any CPU
		{2E82F901-169A-4F4F-A369-A4D25E3E4022}.Release|Any CPU.ActiveCfg = Release|Any CPU
		{2E82F901-169A-4F4F-A369-A4D25E3E4022}.Release|Any CPU.Build.0 = Release|Any CPU
	EndGlobalSection
	GlobalSection(SolutionProperties) = preSolution
		HideSolutionNode = FALSE
	EndGlobalSection
	GlobalSection(ExtensibilityGlobals) = postSolution
		SolutionGuid = {19097D2C-5BF5-4E29-B510-2F306614A85F}
	EndGlobalSection
EndGlobal
