
Microsoft Visual Studio Solution File, Format Version 12.00
# Visual Studio Version 17
VisualStudioVersion = 17.14.36408.4 d17.14
MinimumVisualStudioVersion = 10.0.40219.1
Project("{FAE04EC0-301F-11D3-BF4B-00C04F79EFBC}") = "EventWaitHandleExample", "EventWaitHandleExample.csproj", "{9C0498E2-0515-4542-9968-D28B2AAF589C}"
EndProject
Global
	GlobalSection(SolutionConfigurationPlatforms) = preSolution
		Debug|Any CPU = Debug|Any CPU
		Release|Any CPU = Release|Any CPU
	EndGlobalSection
	GlobalSection(ProjectConfigurationPlatforms) = postSolution
		{9C0498E2-0515-4542-9968-D28B2AAF589C}.Debug|Any CPU.ActiveCfg = Debug|Any CPU
		{9C0498E2-0515-4542-9968-D28B2AAF589C}.Debug|Any CPU.Build.0 = Debug|Any CPU
		{9C0498E2-0515-4542-9968-D28B2AAF589C}.Release|Any CPU.ActiveCfg = Release|Any CPU
		{9C0498E2-0515-4542-9968-D28B2AAF589C}.Release|Any CPU.Build.0 = Release|Any CPU
	EndGlobalSection
	GlobalSection(SolutionProperties) = preSolution
		HideSolutionNode = FALSE
	EndGlobalSection
	GlobalSection(ExtensibilityGlobals) = postSolution
		SolutionGuid = {5B65F1F8-ABD8-459E-9255-BBFC2AF0631D}
	EndGlobalSection
EndGlobal
