Microsoft Visual Studio Solution File, Format Version 12.00
# Visual Studio Version 17
VisualStudioVersion = 17.5.2.0
MinimumVisualStudioVersion = 10.0.40219.1
Project("{FAE04EC0-301F-11D3-BF4B-00C04F79EFBC}") = "AbortThread", "AbortThread.csproj", "{CC284855-E9B6-E00E-707E-4A3F5402FDB4}"
EndProject
Global
	GlobalSection(SolutionConfigurationPlatforms) = preSolution
		Debug|Any CPU = Debug|Any CPU
		Release|Any CPU = Release|Any CPU
	EndGlobalSection
	GlobalSection(ProjectConfigurationPlatforms) = postSolution
		{CC284855-E9B6-E00E-707E-4A3F5402FDB4}.Debug|Any CPU.ActiveCfg = Debug|Any CPU
		{CC284855-E9B6-E00E-707E-4A3F5402FDB4}.Debug|Any CPU.Build.0 = Debug|Any CPU
		{CC284855-E9B6-E00E-707E-4A3F5402FDB4}.Release|Any CPU.ActiveCfg = Release|Any CPU
		{CC284855-E9B6-E00E-707E-4A3F5402FDB4}.Release|Any CPU.Build.0 = Release|Any CPU
	EndGlobalSection
	GlobalSection(SolutionProperties) = preSolution
		HideSolutionNode = FALSE
	EndGlobalSection
	GlobalSection(ExtensibilityGlobals) = postSolution
		SolutionGuid = {FA13433F-9814-4730-9ECD-1FDE2B773A90}
	EndGlobalSection
EndGlobal
